// !$*UTF8*$!
{
	archiveVersion = 1;
	classes = {
	};
	objectVersion = 56;
	objects = {

/* Begin PBXBuildFile section */
		85347E812C707C0E00755968 /* AppDelegate.swift in Sources */ = {isa = PBXBuildFile; fileRef = 85347E802C707C0E00755968 /* AppDelegate.swift */; };
		85347E832C707C0E00755968 /* SceneDelegate.swift in Sources */ = {isa = PBXBuildFile; fileRef = 85347E822C707C0E00755968 /* SceneDelegate.swift */; };
		85347E852C707C0E00755968 /* ColorWheelViewController.swift in Sources */ = {isa = PBXBuildFile; fileRef = 85347E842C707C0E00755968 /* ColorWheelViewController.swift */; };
		85347E882C707C0E00755968 /* Base in Resources */ = {isa = PBXBuildFile; fileRef = 85347E872C707C0E00755968 /* Base */; };
		85347E8A2C707C1000755968 /* Assets.xcassets in Resources */ = {isa = PBXBuildFile; fileRef = 85347E892C707C1000755968 /* Assets.xcassets */; };
		85347E8D2C707C1000755968 /* Base in Resources */ = {isa = PBXBuildFile; fileRef = 85347E8C2C707C1000755968 /* Base */; };
		85347E972C707DC100755968 /* ColorModel.swift in Sources */ = {isa = PBXBuildFile; fileRef = 85347E962C707DC100755968 /* ColorModel.swift */; };
		85347E9A2C707DEA00755968 /* ColorViewModel.swift in Sources */ = {isa = PBXBuildFile; fileRef = 85347E992C707DEA00755968 /* ColorViewModel.swift */; };
		85347EA42C707E8500755968 /* SegmentedControlCollectionViewCell.xib in Resources */ = {isa = PBXBuildFile; fileRef = 85347EA32C707E8500755968 /* SegmentedControlCollectionViewCell.xib */; };
		85347EA52C707E8500755968 /* SegmentedControlCollectionViewCell.swift in Sources */ = {isa = PBXBuildFile; fileRef = 85347EA22C707E8500755968 /* SegmentedControlCollectionViewCell.swift */; };
		85347EA72C7080C000755968 /* ColorWheelView.swift in Sources */ = {isa = PBXBuildFile; fileRef = 85347EA62C7080C000755968 /* ColorWheelView.swift */; };
		85347EAB2C70857400755968 /* BrightnessSliderTableViewCell.xib in Resources */ = {isa = PBXBuildFile; fileRef = 85347EAA2C70857400755968 /* BrightnessSliderTableViewCell.xib */; };
		85347EAC2C70857400755968 /* BrightnessSliderTableViewCell.swift in Sources */ = {isa = PBXBuildFile; fileRef = 85347EA92C70857400755968 /* BrightnessSliderTableViewCell.swift */; };
		85347ECF2C7095D800755968 /* SegmentCollectionViewCell.swift in Sources */ = {isa = PBXBuildFile; fileRef = 85347ECE2C7095D800755968 /* SegmentCollectionViewCell.swift */; };
		85347ED12C70967D00755968 /* NameNotificationExtension.swift in Sources */ = {isa = PBXBuildFile; fileRef = 85347ED02C70967D00755968 /* NameNotificationExtension.swift */; };
		85347ED52C70A2C000755968 /* ColorWheelTableViewCell.swift in Sources */ = {isa = PBXBuildFile; fileRef = 85347ED42C70A2C000755968 /* ColorWheelTableViewCell.swift */; };
/* End PBXBuildFile section */

/* Begin PBXFileReference section */
		85347E7D2C707C0E00755968 /* ColorWheelApp.app */ = {isa = PBXFileReference; explicitFileType = wrapper.application; includeInIndex = 0; path = ColorWheelApp.app; sourceTree = BUILT_PRODUCTS_DIR; };
		85347E802C707C0E00755968 /* AppDelegate.swift */ = {isa = PBXFileReference; lastKnownFileType = sourcecode.swift; path = AppDelegate.swift; sourceTree = "<group>"; };
		85347E822C707C0E00755968 /* SceneDelegate.swift */ = {isa = PBXFileReference; lastKnownFileType = sourcecode.swift; path = SceneDelegate.swift; sourceTree = "<group>"; };
		85347E842C707C0E00755968 /* ColorWheelViewController.swift */ = {isa = PBXFileReference; lastKnownFileType = sourcecode.swift; path = ColorWheelViewController.swift; sourceTree = "<group>"; };
		85347E872C707C0E00755968 /* Base */ = {isa = PBXFileReference; lastKnownFileType = file.storyboard; name = Base; path = Base.lproj/Main.storyboard; sourceTree = "<group>"; };
		85347E892C707C1000755968 /* Assets.xcassets */ = {isa = PBXFileReference; lastKnownFileType = folder.assetcatalog; path = Assets.xcassets; sourceTree = "<group>"; };
		85347E8C2C707C1000755968 /* Base */ = {isa = PBXFileReference; lastKnownFileType = file.storyboard; name = Base; path = Base.lproj/LaunchScreen.storyboard; sourceTree = "<group>"; };
		85347E8E2C707C1000755968 /* Info.plist */ = {isa = PBXFileReference; lastKnownFileType = text.plist.xml; path = Info.plist; sourceTree = "<group>"; };
		85347E962C707DC100755968 /* ColorModel.swift */ = {isa = PBXFileReference; lastKnownFileType = sourcecode.swift; path = ColorModel.swift; sourceTree = "<group>"; };
		85347E992C707DEA00755968 /* ColorViewModel.swift */ = {isa = PBXFileReference; lastKnownFileType = sourcecode.swift; path = ColorViewModel.swift; sourceTree = "<group>"; };
		85347EA22C707E8500755968 /* SegmentedControlCollectionViewCell.swift */ = {isa = PBXFileReference; lastKnownFileType = sourcecode.swift; path = SegmentedControlCollectionViewCell.swift; sourceTree = "<group>"; };
		85347EA32C707E8500755968 /* SegmentedControlCollectionViewCell.xib */ = {isa = PBXFileReference; lastKnownFileType = file.xib; path = SegmentedControlCollectionViewCell.xib; sourceTree = "<group>"; };
		85347EA62C7080C000755968 /* ColorWheelView.swift */ = {isa = PBXFileReference; lastKnownFileType = sourcecode.swift; path = ColorWheelView.swift; sourceTree = "<group>"; };
		85347EA92C70857400755968 /* BrightnessSliderTableViewCell.swift */ = {isa = PBXFileReference; lastKnownFileType = sourcecode.swift; path = BrightnessSliderTableViewCell.swift; sourceTree = "<group>"; };
		85347EAA2C70857400755968 /* BrightnessSliderTableViewCell.xib */ = {isa = PBXFileReference; lastKnownFileType = file.xib; path = BrightnessSliderTableViewCell.xib; sourceTree = "<group>"; };
		85347ECE2C7095D800755968 /* SegmentCollectionViewCell.swift */ = {isa = PBXFileReference; lastKnownFileType = sourcecode.swift; path = SegmentCollectionViewCell.swift; sourceTree = "<group>"; };
		85347ED02C70967D00755968 /* NameNotificationExtension.swift */ = {isa = PBXFileReference; lastKnownFileType = sourcecode.swift; path = NameNotificationExtension.swift; sourceTree = "<group>"; };
		85347ED42C70A2C000755968 /* ColorWheelTableViewCell.swift */ = {isa = PBXFileReference; lastKnownFileType = sourcecode.swift; path = ColorWheelTableViewCell.swift; sourceTree = "<group>"; };
/* End PBXFileReference section */

/* Begin PBXFrameworksBuildPhase section */
		85347E7A2C707C0E00755968 /* Frameworks */ = {
			isa = PBXFrameworksBuildPhase;
			buildActionMask = 2147483647;
			files = (
			);
			runOnlyForDeploymentPostprocessing = 0;
		};
/* End PBXFrameworksBuildPhase section */

/* Begin PBXGroup section */
		85347E742C707C0E00755968 = {
			isa = PBXGroup;
			children = (
				85347E7F2C707C0E00755968 /* ColorWheelApp */,
				85347E7E2C707C0E00755968 /* Products */,
			);
			sourceTree = "<group>";
		};
		85347E7E2C707C0E00755968 /* Products */ = {
			isa = PBXGroup;
			children = (
				85347E7D2C707C0E00755968 /* ColorWheelApp.app */,
			);
			name = Products;
			sourceTree = "<group>";
		};
		85347E7F2C707C0E00755968 /* ColorWheelApp */ = {
			isa = PBXGroup;
			children = (
				85347E982C707DC700755968 /* Model */,
				85347E9B2C707DF000755968 /* ViewModel */,
				85347E952C707DA600755968 /* View */,
				85347E942C707D9700755968 /* Resources */,
				85347E8E2C707C1000755968 /* Info.plist */,
			);
			path = ColorWheelApp;
			sourceTree = "<group>";
		};
		85347E942C707D9700755968 /* Resources */ = {
			isa = PBXGroup;
			children = (
				85347E822C707C0E00755968 /* SceneDelegate.swift */,
				85347E802C707C0E00755968 /* AppDelegate.swift */,
				85347E892C707C1000755968 /* Assets.xcassets */,
				85347E8B2C707C1000755968 /* LaunchScreen.storyboard */,
				85347E862C707C0E00755968 /* Main.storyboard */,
				85347ED02C70967D00755968 /* NameNotificationExtension.swift */,
			);
			path = Resources;
			sourceTree = "<group>";
		};
		85347E952C707DA600755968 /* View */ = {
			isa = PBXGroup;
			children = (
				85347EA12C707E4900755968 /* VC */,
				85347EA02C707E2D00755968 /* TableViewCell */,
				85347ED32C70A26400755968 /* CustomView */,
			);
			path = View;
			sourceTree = "<group>";
		};
		85347E982C707DC700755968 /* Model */ = {
			isa = PBXGroup;
			children = (
				85347E962C707DC100755968 /* ColorModel.swift */,
			);
			path = Model;
			sourceTree = "<group>";
		};
		85347E9B2C707DF000755968 /* ViewModel */ = {
			isa = PBXGroup;
			children = (
				85347E992C707DEA00755968 /* ColorViewModel.swift */,
			);
			path = ViewModel;
			sourceTree = "<group>";
		};
		85347EA02C707E2D00755968 /* TableViewCell */ = {
			isa = PBXGroup;
			children = (
				85347EA82C70855700755968 /* Segment Controll TC */,
				85347EAD2C70857900755968 /* BrightnessSlider TC */,
				85347ED42C70A2C000755968 /* ColorWheelTableViewCell.swift */,
			);
			path = TableViewCell;
			sourceTree = "<group>";
		};
		85347EA12C707E4900755968 /* VC */ = {
			isa = PBXGroup;
			children = (
				85347E842C707C0E00755968 /* ColorWheelViewController.swift */,
			);
			path = VC;
			sourceTree = "<group>";
		};
		85347EA82C70855700755968 /* Segment Controll TC */ = {
			isa = PBXGroup;
			children = (
				85347EA22C707E8500755968 /* SegmentedControlCollectionViewCell.swift */,
				85347EA32C707E8500755968 /* SegmentedControlCollectionViewCell.xib */,
				85347ED22C70A25500755968 /* SegmentCollectionCell */,
			);
			path = "Segment Controll TC";
			sourceTree = "<group>";
		};
		85347EAD2C70857900755968 /* BrightnessSlider TC */ = {
			isa = PBXGroup;
			children = (
				85347EA92C70857400755968 /* BrightnessSliderTableViewCell.swift */,
				85347EAA2C70857400755968 /* BrightnessSliderTableViewCell.xib */,
			);
			path = "BrightnessSlider TC";
			sourceTree = "<group>";
		};
		85347ED22C70A25500755968 /* SegmentCollectionCell */ = {
			isa = PBXGroup;
			children = (
				85347ECE2C7095D800755968 /* SegmentCollectionViewCell.swift */,
			);
			path = SegmentCollectionCell;
			sourceTree = "<group>";
		};
		85347ED32C70A26400755968 /* CustomView */ = {
			isa = PBXGroup;
			children = (
				85347EA62C7080C000755968 /* ColorWheelView.swift */,
			);
			path = CustomView;
			sourceTree = "<group>";
		};
/* End PBXGroup section */

/* Begin PBXNativeTarget section */
		85347E7C2C707C0E00755968 /* ColorWheelApp */ = {
			isa = PBXNativeTarget;
			buildConfigurationList = 85347E912C707C1000755968 /* Build configuration list for PBXNativeTarget "ColorWheelApp" */;
			buildPhases = (
				85347E792C707C0E00755968 /* Sources */,
				85347E7A2C707C0E00755968 /* Frameworks */,
				85347E7B2C707C0E00755968 /* Resources */,
			);
			buildRules = (
			);
			dependencies = (
			);
			name = ColorWheelApp;
			productName = ColorWheelApp;
			productReference = 85347E7D2C707C0E00755968 /* ColorWheelApp.app */;
			productType = "com.apple.product-type.application";
		};
/* End PBXNativeTarget section */

/* Begin PBXProject section */
		85347E752C707C0E00755968 /* Project object */ = {
			isa = PBXProject;
			attributes = {
				BuildIndependentTargetsInParallel = 1;
				LastSwiftUpdateCheck = 1540;
				LastUpgradeCheck = 1540;
				TargetAttributes = {
					85347E7C2C707C0E00755968 = {
						CreatedOnToolsVersion = 15.4;
					};
				};
			};
			buildConfigurationList = 85347E782C707C0E00755968 /* Build configuration list for PBXProject "ColorWheelApp" */;
			compatibilityVersion = "Xcode 14.0";
			developmentRegion = en;
			hasScannedForEncodings = 0;
			knownRegions = (
				en,
				Base,
			);
			mainGroup = 85347E742C707C0E00755968;
			productRefGroup = 85347E7E2C707C0E00755968 /* Products */;
			projectDirPath = "";
			projectRoot = "";
			targets = (
				85347E7C2C707C0E00755968 /* ColorWheelApp */,
			);
		};
/* End PBXProject section */

/* Begin PBXResourcesBuildPhase section */
		85347E7B2C707C0E00755968 /* Resources */ = {
			isa = PBXResourcesBuildPhase;
			buildActionMask = 2147483647;
			files = (
				85347E8A2C707C1000755968 /* Assets.xcassets in Resources */,
				85347E8D2C707C1000755968 /* Base in Resources */,
				85347EA42C707E8500755968 /* SegmentedControlCollectionViewCell.xib in Resources */,
				85347EAB2C70857400755968 /* BrightnessSliderTableViewCell.xib in Resources */,
				85347E882C707C0E00755968 /* Base in Resources */,
			);
			runOnlyForDeploymentPostprocessing = 0;
		};
/* End PBXResourcesBuildPhase section */

/* Begin PBXSourcesBuildPhase section */
		85347E792C707C0E00755968 /* Sources */ = {
			isa = PBXSourcesBuildPhase;
			buildActionMask = 2147483647;
			files = (
				85347ED52C70A2C000755968 /* ColorWheelTableViewCell.swift in Sources */,
				85347E852C707C0E00755968 /* ColorWheelViewController.swift in Sources */,
				85347E812C707C0E00755968 /* AppDelegate.swift in Sources */,
				85347ECF2C7095D800755968 /* SegmentCollectionViewCell.swift in Sources */,
				85347E9A2C707DEA00755968 /* ColorViewModel.swift in Sources */,
				85347EA72C7080C000755968 /* ColorWheelView.swift in Sources */,
				85347E832C707C0E00755968 /* SceneDelegate.swift in Sources */,
				85347EAC2C70857400755968 /* BrightnessSliderTableViewCell.swift in Sources */,
				85347ED12C70967D00755968 /* NameNotificationExtension.swift in Sources */,
				85347EA52C707E8500755968 /* SegmentedControlCollectionViewCell.swift in Sources */,
				85347E972C707DC100755968 /* ColorModel.swift in Sources */,
			);
			runOnlyForDeploymentPostprocessing = 0;
		};
/* End PBXSourcesBuildPhase section */

/* Begin PBXVariantGroup section */
		85347E862C707C0E00755968 /* Main.storyboard */ = {
			isa = PBXVariantGroup;
			children = (
				85347E872C707C0E00755968 /* Base */,
			);
			name = Main.storyboard;
			sourceTree = "<group>";
		};
		85347E8B2C707C1000755968 /* LaunchScreen.storyboard */ = {
			isa = PBXVariantGroup;
			children = (
				85347E8C2C707C1000755968 /* Base */,
			);
			name = LaunchScreen.storyboard;
			sourceTree = "<group>";
		};
/* End PBXVariantGroup section */

/* Begin XCBuildConfiguration section */
		85347E8F2C707C1000755968 /* Debug */ = {
			isa = XCBuildConfiguration;
			buildSettings = {
				ALWAYS_SEARCH_USER_PATHS = NO;
				ASSETCATALOG_COMPILER_GENERATE_SWIFT_ASSET_SYMBOL_EXTENSIONS = YES;
				CLANG_ANALYZER_NONNULL = YES;
				CLANG_ANALYZER_NUMBER_OBJECT_CONVERSION = YES_AGGRESSIVE;
				CLANG_CXX_LANGUAGE_STANDARD = "gnu++20";
				CLANG_ENABLE_MODULES = YES;
				CLANG_ENABLE_OBJC_ARC = YES;
				CLANG_ENABLE_OBJC_WEAK = YES;
				CLANG_WARN_BLOCK_CAPTURE_AUTORELEASING = YES;
				CLANG_WARN_BOOL_CONVERSION = YES;
				CLANG_WARN_COMMA = YES;
				CLANG_WARN_CONSTANT_CONVERSION = YES;
				CLANG_WARN_DEPRECATED_OBJC_IMPLEMENTATIONS = YES;
				CLANG_WARN_DIRECT_OBJC_ISA_USAGE = YES_ERROR;
				CLANG_WARN_DOCUMENTATION_COMMENTS = YES;
				CLANG_WARN_EMPTY_BODY = YES;
				CLANG_WARN_ENUM_CONVERSION = YES;
				CLANG_WARN_INFINITE_RECURSION = YES;
				CLANG_WARN_INT_CONVERSION = YES;
				CLANG_WARN_NON_LITERAL_NULL_CONVERSION = YES;
				CLANG_WARN_OBJC_IMPLICIT_RETAIN_SELF = YES;
				CLANG_WARN_OBJC_LITERAL_CONVERSION = YES;
				CLANG_WARN_OBJC_ROOT_CLASS = YES_ERROR;
				CLANG_WARN_QUOTED_INCLUDE_IN_FRAMEWORK_HEADER = YES;
				CLANG_WARN_RANGE_LOOP_ANALYSIS = YES;
				CLANG_WARN_STRICT_PROTOTYPES = YES;
				CLANG_WARN_SUSPICIOUS_MOVE = YES;
				CLANG_WARN_UNGUARDED_AVAILABILITY = YES_AGGRESSIVE;
				CLANG_WARN_UNREACHABLE_CODE = YES;
				CLANG_WARN__DUPLICATE_METHOD_MATCH = YES;
				COPY_PHASE_STRIP = NO;
				DEBUG_INFORMATION_FORMAT = dwarf;
				ENABLE_STRICT_OBJC_MSGSEND = YES;
				ENABLE_TESTABILITY = YES;
				ENABLE_USER_SCRIPT_SANDBOXING = YES;
				GCC_C_LANGUAGE_STANDARD = gnu17;
				GCC_DYNAMIC_NO_PIC = NO;
				GCC_NO_COMMON_BLOCKS = YES;
				GCC_OPTIMIZATION_LEVEL = 0;
				GCC_PREPROCESSOR_DEFINITIONS = (
					"DEBUG=1",
					"$(inherited)",
				);
				GCC_WARN_64_TO_32_BIT_CONVERSION = YES;
				GCC_WARN_ABOUT_RETURN_TYPE = YES_ERROR;
				GCC_WARN_UNDECLARED_SELECTOR = YES;
				GCC_WARN_UNINITIALIZED_AUTOS = YES_AGGRESSIVE;
				GCC_WARN_UNUSED_FUNCTION = YES;
				GCC_WARN_UNUSED_VARIABLE = YES;
				IPHONEOS_DEPLOYMENT_TARGET = 17.5;
				LOCALIZATION_PREFERS_STRING_CATALOGS = YES;
				MTL_ENABLE_DEBUG_INFO = INCLUDE_SOURCE;
				MTL_FAST_MATH = YES;
				ONLY_ACTIVE_ARCH = YES;
				SDKROOT = iphoneos;
				SWIFT_ACTIVE_COMPILATION_CONDITIONS = "DEBUG $(inherited)";
				SWIFT_OPTIMIZATION_LEVEL = "-Onone";
			};
			name = Debug;
		};
		85347E902C707C1000755968 /* Release */ = {
			isa = XCBuildConfiguration;
			buildSettings = {
				ALWAYS_SEARCH_USER_PATHS = NO;
				ASSETCATALOG_COMPILER_GENERATE_SWIFT_ASSET_SYMBOL_EXTENSIONS = YES;
				CLANG_ANALYZER_NONNULL = YES;
				CLANG_ANALYZER_NUMBER_OBJECT_CONVERSION = YES_AGGRESSIVE;
				CLANG_CXX_LANGUAGE_STANDARD = "gnu++20";
				CLANG_ENABLE_MODULES = YES;
				CLANG_ENABLE_OBJC_ARC = YES;
				CLANG_ENABLE_OBJC_WEAK = YES;
				CLANG_WARN_BLOCK_CAPTURE_AUTORELEASING = YES;
				CLANG_WARN_BOOL_CONVERSION = YES;
				CLANG_WARN_COMMA = YES;
				CLANG_WARN_CONSTANT_CONVERSION = YES;
				CLANG_WARN_DEPRECATED_OBJC_IMPLEMENTATIONS = YES;
				CLANG_WARN_DIRECT_OBJC_ISA_USAGE = YES_ERROR;
				CLANG_WARN_DOCUMENTATION_COMMENTS = YES;
				CLANG_WARN_EMPTY_BODY = YES;
				CLANG_WARN_ENUM_CONVERSION = YES;
				CLANG_WARN_INFINITE_RECURSION = YES;
				CLANG_WARN_INT_CONVERSION = YES;
				CLANG_WARN_NON_LITERAL_NULL_CONVERSION = YES;
				CLANG_WARN_OBJC_IMPLICIT_RETAIN_SELF = YES;
				CLANG_WARN_OBJC_LITERAL_CONVERSION = YES;
				CLANG_WARN_OBJC_ROOT_CLASS = YES_ERROR;
				CLANG_WARN_QUOTED_INCLUDE_IN_FRAMEWORK_HEADER = YES;
				CLANG_WARN_RANGE_LOOP_ANALYSIS = YES;
				CLANG_WARN_STRICT_PROTOTYPES = YES;
				CLANG_WARN_SUSPICIOUS_MOVE = YES;
				CLANG_WARN_UNGUARDED_AVAILABILITY = YES_AGGRESSIVE;
				CLANG_WARN_UNREACHABLE_CODE = YES;
				CLANG_WARN__DUPLICATE_METHOD_MATCH = YES;
				COPY_PHASE_STRIP = NO;
				DEBUG_INFORMATION_FORMAT = "dwarf-with-dsym";
				ENABLE_NS_ASSERTIONS = NO;
				ENABLE_STRICT_OBJC_MSGSEND = YES;
				ENABLE_USER_SCRIPT_SANDBOXING = YES;
				GCC_C_LANGUAGE_STANDARD = gnu17;
				GCC_NO_COMMON_BLOCKS = YES;
				GCC_WARN_64_TO_32_BIT_CONVERSION = YES;
				GCC_WARN_ABOUT_RETURN_TYPE = YES_ERROR;
				GCC_WARN_UNDECLARED_SELECTOR = YES;
				GCC_WARN_UNINITIALIZED_AUTOS = YES_AGGRESSIVE;
				GCC_WARN_UNUSED_FUNCTION = YES;
				GCC_WARN_UNUSED_VARIABLE = YES;
				IPHONEOS_DEPLOYMENT_TARGET = 17.5;
				LOCALIZATION_PREFERS_STRING_CATALOGS = YES;
				MTL_ENABLE_DEBUG_INFO = NO;
				MTL_FAST_MATH = YES;
				SDKROOT = iphoneos;
				SWIFT_COMPILATION_MODE = wholemodule;
				VALIDATE_PRODUCT = YES;
			};
			name = Release;
		};
		85347E922C707C1000755968 /* Debug */ = {
			isa = XCBuildConfiguration;
			buildSettings = {
				ASSETCATALOG_COMPILER_APPICON_NAME = AppIcon;
				ASSETCATALOG_COMPILER_GLOBAL_ACCENT_COLOR_NAME = AccentColor;
				CODE_SIGN_STYLE = Automatic;
				CURRENT_PROJECT_VERSION = 1;
				GENERATE_INFOPLIST_FILE = YES;
				INFOPLIST_FILE = ColorWheelApp/Info.plist;
				INFOPLIST_KEY_UIApplicationSupportsIndirectInputEvents = YES;
				INFOPLIST_KEY_UILaunchStoryboardName = LaunchScreen;
				INFOPLIST_KEY_UIMainStoryboardFile = Main;
				INFOPLIST_KEY_UISupportedInterfaceOrientations_iPad = "UIInterfaceOrientationPortrait UIInterfaceOrientationPortraitUpsideDown UIInterfaceOrientationLandscapeLeft UIInterfaceOrientationLandscapeRight";
				INFOPLIST_KEY_UISupportedInterfaceOrientations_iPhone = "UIInterfaceOrientationPortrait UIInterfaceOrientationLandscapeLeft UIInterfaceOrientationLandscapeRight";
				LD_RUNPATH_SEARCH_PATHS = (
					"$(inherited)",
					"@executable_path/Frameworks",
				);
				MARKETING_VERSION = 1.0;
				PRODUCT_BUNDLE_IDENTIFIER = com.mdev.ColorWheelApp;
				PRODUCT_NAME = "$(TARGET_NAME)";
				SWIFT_EMIT_LOC_STRINGS = YES;
				SWIFT_VERSION = 5.0;
				TARGETED_DEVICE_FAMILY = "1,2";
			};
			name = Debug;
		};
		85347E932C707C1000755968 /* Release */ = {
			isa = XCBuildConfiguration;
			buildSettings = {
				ASSETCATALOG_COMPILER_APPICON_NAME = AppIcon;
				ASSETCATALOG_COMPILER_GLOBAL_ACCENT_COLOR_NAME = AccentColor;
				CODE_SIGN_STYLE = Automatic;
				CURRENT_PROJECT_VERSION = 1;
				GENERATE_INFOPLIST_FILE = YES;
				INFOPLIST_FILE = ColorWheelApp/Info.plist;
				INFOPLIST_KEY_UIApplicationSupportsIndirectInputEvents = YES;
				INFOPLIST_KEY_UILaunchStoryboardName = LaunchScreen;
				INFOPLIST_KEY_UIMainStoryboardFile = Main;
				INFOPLIST_KEY_UISupportedInterfaceOrientations_iPad = "UIInterfaceOrientationPortrait UIInterfaceOrientationPortraitUpsideDown UIInterfaceOrientationLandscapeLeft UIInterfaceOrientationLandscapeRight";
				INFOPLIST_KEY_UISupportedInterfaceOrientations_iPhone = "UIInterfaceOrientationPortrait UIInterfaceOrientationLandscapeLeft UIInterfaceOrientationLandscapeRight";
				LD_RUNPATH_SEARCH_PATHS = (
					"$(inherited)",
					"@executable_path/Frameworks",
				);
				MARKETING_VERSION = 1.0;
				PRODUCT_BUNDLE_IDENTIFIER = com.mdev.ColorWheelApp;
				PRODUCT_NAME = "$(TARGET_NAME)";
				SWIFT_EMIT_LOC_STRINGS = YES;
				SWIFT_VERSION = 5.0;
				TARGETED_DEVICE_FAMILY = "1,2";
			};
			name = Release;
		};
/* End XCBuildConfiguration section */

/* Begin XCConfigurationList section */
		85347E782C707C0E00755968 /* Build configuration list for PBXProject "ColorWheelApp" */ = {
			isa = XCConfigurationList;
			buildConfigurations = (
				85347E8F2C707C1000755968 /* Debug */,
				85347E902C707C1000755968 /* Release */,
			);
			defaultConfigurationIsVisible = 0;
			defaultConfigurationName = Release;
		};
		85347E912C707C1000755968 /* Build configuration list for PBXNativeTarget "ColorWheelApp" */ = {
			isa = XCConfigurationList;
			buildConfigurations = (
				85347E922C707C1000755968 /* Debug */,
				85347E932C707C1000755968 /* Release */,
			);
			defaultConfigurationIsVisible = 0;
			defaultConfigurationName = Release;
		};
/* End XCConfigurationList section */
	};
	rootObject = 85347E752C707C0E00755968 /* Project object */;
}
